
Microsoft Visual Studio Solution File, Format Version 12.00
# Visual Studio 15
VisualStudioVersion = 15.0.28307.329
MinimumVisualStudioVersion = 10.0.40219.1
Project("{FAE04EC0-301F-11D3-BF4B-00C04F79EFBC}") = "OruBloggen", "OruBloggen\OruBloggen.csproj", "{FB667065-8B8C-43A1-BB38-9D01EEEBDE0E}"
EndProject
Global
	GlobalSection(SolutionConfigurationPlatforms) = preSolution
		Debug|Any CPU = Debug|Any CPU
		Release|Any CPU = Release|Any CPU
	EndGlobalSection
	GlobalSection(ProjectConfigurationPlatforms) = postSolution
		{FB667065-8B8C-43A1-BB38-9D01EEEBDE0E}.Debug|Any CPU.ActiveCfg = Debug|Any CPU
		{FB667065-8B8C-43A1-BB38-9D01EEEBDE0E}.Debug|Any CPU.Build.0 = Debug|Any CPU
		{FB667065-8B8C-43A1-BB38-9D01EEEBDE0E}.Release|Any CPU.ActiveCfg = Release|Any CPU
		{FB667065-8B8C-43A1-BB38-9D01EEEBDE0E}.Release|Any CPU.Build.0 = Release|Any CPU
	EndGlobalSection
	GlobalSection(SolutionProperties) = preSolution
		HideSolutionNode = FALSE
	EndGlobalSection
	GlobalSection(ExtensibilityGlobals) = postSolution
		SolutionGuid = {3D0D60AB-87D0-40F3-B8F0-D1354B292257}
	EndGlobalSection
EndGlobal
